{
  "name": "reverseshield",
  "version": "0.0.0",
  "lockfileVersion": 3,
  "requires": true,
  "packages": {
    "": {
      "name": "reverseshield",
      "version": "0.0.0",
      "workspaces": [
        "packages/agent-js",
        "services/reporting/api",
        "services/reporting/dashboard"
      ],
      "engines": {
        "node": ">=20"
      }
    },
    "node_modules/@reverseshield/agent": {
      "resolved": "packages/agent-js",
      "link": true
    },
    "node_modules/@reverseshield/reporting-api": {
      "resolved": "services/reporting/api",
      "link": true
    },
    "node_modules/@reverseshield/reporting-dashboard": {
      "resolved": "services/reporting/dashboard",
      "link": true
    },
    "packages/agent-js": {
      "name": "@reverseshield/agent",
      "version": "0.0.0"
    },
    "services/reporting/api": {
      "name": "@reverseshield/reporting-api",
      "version": "0.0.0"
    },
    "services/reporting/dashboard": {
      "name": "@reverseshield/reporting-dashboard",
      "version": "0.0.0"
    }
  }
}
